
Microsoft Visual Studio Solution File, Format Version 12.00
# Visual Studio 2015
Project("{FAE04EC0-301F-11D3-BF4B-00C04F79EFBC}") = "Round Space Station 1.CSharp.Plugins", "Round Space Station 1.CSharp.Plugins.csproj", "{B8B7164D-FE45-67B4-B5F9-EDEC1F00295C}"
EndProject
Project("{FAE04EC0-301F-11D3-BF4B-00C04F79EFBC}") = "Round Space Station 1.CSharp", "Round Space Station 1.CSharp.csproj", "{D881D693-A4A0-F24A-85F5-5DEE7C12039D}"
EndProject
Project("{FAE04EC0-301F-11D3-BF4B-00C04F79EFBC}") = "Round Space Station 1.CSharp.Editor", "Round Space Station 1.CSharp.Editor.csproj", "{A2F06863-E195-B930-BD3E-1DE78ED40B56}"
EndProject
Global
	GlobalSection(SolutionConfigurationPlatforms) = preSolution
		Debug|Any CPU = Debug|Any CPU
		Release|Any CPU = Release|Any CPU
	EndGlobalSection
	GlobalSection(ProjectConfigurationPlatforms) = postSolution
		{B8B7164D-FE45-67B4-B5F9-EDEC1F00295C}.Debug|Any CPU.ActiveCfg = Debug|Any CPU
		{B8B7164D-FE45-67B4-B5F9-EDEC1F00295C}.Debug|Any CPU.Build.0 = Debug|Any CPU
		{B8B7164D-FE45-67B4-B5F9-EDEC1F00295C}.Release|Any CPU.ActiveCfg = Release|Any CPU
		{B8B7164D-FE45-67B4-B5F9-EDEC1F00295C}.Release|Any CPU.Build.0 = Release|Any CPU
		{D881D693-A4A0-F24A-85F5-5DEE7C12039D}.Debug|Any CPU.ActiveCfg = Debug|Any CPU
		{D881D693-A4A0-F24A-85F5-5DEE7C12039D}.Debug|Any CPU.Build.0 = Debug|Any CPU
		{D881D693-A4A0-F24A-85F5-5DEE7C12039D}.Release|Any CPU.ActiveCfg = Release|Any CPU
		{D881D693-A4A0-F24A-85F5-5DEE7C12039D}.Release|Any CPU.Build.0 = Release|Any CPU
		{A2F06863-E195-B930-BD3E-1DE78ED40B56}.Debug|Any CPU.ActiveCfg = Debug|Any CPU
		{A2F06863-E195-B930-BD3E-1DE78ED40B56}.Debug|Any CPU.Build.0 = Debug|Any CPU
		{A2F06863-E195-B930-BD3E-1DE78ED40B56}.Release|Any CPU.ActiveCfg = Release|Any CPU
		{A2F06863-E195-B930-BD3E-1DE78ED40B56}.Release|Any CPU.Build.0 = Release|Any CPU
	EndGlobalSection
	GlobalSection(SolutionProperties) = preSolution
		HideSolutionNode = FALSE
	EndGlobalSection
EndGlobal
